PODS:
  - AFNetworking (2.0.3):
    - AFNetworking/NSURLConnection
    - AFNetworking/NSURLSession
    - AFNetworking/Reachability
    - AFNetworking/Security
    - AFNetworking/Serialization
    - AFNetworking/UIKit
  - AFNetworking/NSURLConnection (2.0.3):
    - AFNetworking/Reachability
    - AFNetworking/Security
    - AFNetworking/Serialization
  - AFNetworking/NSURLSession (2.0.3):
    - AFNetworking/NSURLConnection
  - AFNetworking/Reachability (2.0.3)
  - AFNetworking/Security (2.0.3)
  - AFNetworking/Serialization (2.0.3)
  - AFNetworking/UIKit (2.0.3):
    - AFNetworking/NSURLConnection
  - Amplitude-iOS (1.0.2)
  - ARAnalytics (2.3.2):
    - ARAnalytics/no_clash_HockeyApp
  - ARAnalytics/Amplitude (2.3.2):
    - Amplitude-iOS
    - ARAnalytics/CoreIOS
  - ARAnalytics/Bugsnag (2.3.2):
    - ARAnalytics/CoreIOS
    - Bugsnag
  - ARAnalytics/CoreIOS (2.3.2)
  - ARAnalytics/Countly (2.3.2):
    - ARAnalytics/CoreIOS
    - Countly
  - ARAnalytics/Crashlytics (2.3.2):
    - ARAnalytics/CoreIOS
  - ARAnalytics/Flurry (2.3.2):
    - ARAnalytics/CoreIOS
    - FlurrySDK
  - ARAnalytics/GoogleAnalytics (2.3.2):
    - ARAnalytics/CoreIOS
    - GoogleAnalytics-iOS-SDK
  - ARAnalytics/HeapAnalytics (2.3.2):
    - ARAnalytics/CoreIOS
    - HeapAnalytics
  - ARAnalytics/Helpshift (2.3.2):
    - ARAnalytics/CoreIOS
    - Helpshift
  - ARAnalytics/HockeyApp (2.3.2):
    - ARAnalytics/CoreIOS
    - HockeySDK
  - ARAnalytics/KISSmetrics (2.3.2):
    - ARAnalytics/CoreIOS
    - KISSmetrics
  - ARAnalytics/Localytics (2.3.2):
    - ARAnalytics/CoreIOS
    - Localytics
  - ARAnalytics/Mixpanel (2.3.2):
    - ARAnalytics/CoreIOS
    - Mixpanel
  - ARAnalytics/NewRelic (2.3.2):
    - ARAnalytics/CoreIOS
    - NewRelicAgent
  - ARAnalytics/no_clash_HockeyApp (2.3.2):
    - ARAnalytics/Amplitude
    - ARAnalytics/Bugsnag
    - ARAnalytics/Countly
    - ARAnalytics/Crashlytics
    - ARAnalytics/Flurry
    - ARAnalytics/GoogleAnalytics
    - ARAnalytics/HeapAnalytics
    - ARAnalytics/Helpshift
    - ARAnalytics/HockeyApp
    - ARAnalytics/KISSmetrics
    - ARAnalytics/Localytics
    - ARAnalytics/Mixpanel
    - ARAnalytics/NewRelic
    - ARAnalytics/ParseAnalytics
    - ARAnalytics/Tapstream
    - ARAnalytics/TestFlight
  - ARAnalytics/ParseAnalytics (2.3.2):
    - ARAnalytics/CoreIOS
    - Parse-iOS-SDK
  - ARAnalytics/Tapstream (2.3.2):
    - ARAnalytics/CoreIOS
    - Tapstream
  - ARAnalytics/TestFlight (2.3.2):
    - ARAnalytics/CoreIOS
    - BPXLUUIDHandler
    - TestFlightSDK
  - BPXLUUIDHandler (0.0.1)
  - Bugsnag (3.1.0):
    - Reachability
  - Countly (1.0.0)
  - Facebook-iOS-SDK (3.10.0)
  - FlurrySDK (4.3.0)
  - GoogleAnalytics-iOS-SDK (3.0.2)
  - GroundControl (2.0.0):
    - AFNetworking (~> 2.0)
  - gtm-oauth2 (0.0.2):
    - gtm-oauth2/Core
    - GTMHTTPFetcher
    - SBJson
  - gtm-oauth2/Core (0.0.2):
    - gtm-oauth2/Core/Mac
    - gtm-oauth2/Core/Touch
    - GTMHTTPFetcher
    - SBJson
  - gtm-oauth2/Core/Mac (0.0.2):
    - GTMHTTPFetcher
    - SBJson
  - gtm-oauth2/Core/Touch (0.0.2):
    - GTMHTTPFetcher
    - SBJson
  - GTMHTTPFetcher (0.0.1):
    - SBJson
  - HeapAnalytics (0.0.1)
  - Helpshift (3.2.1)
  - HockeySDK (3.5.0)
  - KISSmetrics (1.1.3)
  - Localytics (0.0.1)
  - Mantle (1.3.1):
    - Mantle/extobjc
  - Mantle/extobjc (1.3.1)
  - Mixpanel (2.2.0)
  - NewRelicAgent (1.396)
  - OCMock (2.2.1)
  - Parse-iOS-SDK (1.2.16):
    - Facebook-iOS-SDK (~> 3.7)
  - Reachability (3.1.1)
  - SBJson (3.2)
  - SSZipArchive (0.3.1)
  - SVProgressHUD (1.0)
  - Tapstream (2.3)
  - TestFlightSDK (2.1.1-beta)

DEPENDENCIES:
  - ARAnalytics
  - GroundControl
  - gtm-oauth2
  - Mantle
  - OCMock
  - SSZipArchive
  - SVProgressHUD
  - TestFlightSDK

SPEC CHECKSUMS:
  AFNetworking: e499052cbf3d743e9bb727bb37adb9dc2547ba15
  Amplitude-iOS: ca8f975af2294cd808b4914fa507c01222501bea
  ARAnalytics: 515ad1919672a65f9e6ccaee38a5239626866acb
  BPXLUUIDHandler: 227f5e8f11ed1bc443f73b43fedf1bf24b47be8d
  Bugsnag: 7a61040b4be9fa2b51a34e87e1da2007b6640637
  Countly: c9728abbbeffc3250d1ab8ba17b417938119d218
  Facebook-iOS-SDK: ef402579aeb30cf0c4a6370fb0a927e3dc3059e5
  FlurrySDK: 7d91ccc3b3591fd8eb8919f2b90e271e2b0acabe
  GoogleAnalytics-iOS-SDK: 86393b99f7328ae8d8e975fcaa8632a39dafafe8
  GroundControl: 7246542fbddc789a448c7a60e4f4df94881972f9
  gtm-oauth2: 92e23fbb4ab77c4f441ffc95e2bbbf174ea589c1
  GTMHTTPFetcher: b0af09f18ec87e7a5edeffcc8cb6449fdbf0e83f
  HeapAnalytics: c9802786c2b659a2a6d388cd7fcfc3fa48cfbbd5
  Helpshift: 5985686e78407d86e9e661263864f2028d8e2ec2
  HockeySDK: 685e6ca0b78668ef8b595fba17fe087ea6074b05
  KISSmetrics: b729eba7a66a523f829e801fa0756c3ff358e58a
  Localytics: 28e0d464dc098bbe41916010d26077275a104046
  Mantle: abc3b0c81bc66eb624cf9cebb8640e377d5a44ae
  Mixpanel: 9f7312f3d29c58ea7067c5de79a922c6adccf846
  NewRelicAgent: 1fc3113921ef16024e754a7b1c7e469cd8553431
  OCMock: 80e4cfbc71a0e1bd28caf10a9fda27da7c4c8402
  Parse-iOS-SDK: 604907fddc0e299a1b9d79c1c04377d34662dfcd
  Reachability: be4883bb93f31e38266ae3365e5600a317aae735
  SBJson: abc2bf2baef456d5dae213f9826fe2b6fdf19861
  SSZipArchive: 47d0589a15452311749a4eeecb97e12800d127de
  SVProgressHUD: 5e10939a296debf5fe5a5895eda9539b8b2114f1
  Tapstream: c999a7e7870dbe40847a8dec56fdb07410b12bc6
  TestFlightSDK: dea28c16f0bf65c49c4ed8939b2ae0b0ed9bf8b0

COCOAPODS: 0.26.2
