// !$*UTF8*$!
{
	archiveVersion = 1;
	classes = {
	};
	objectVersion = 46;
	objects = {

/* Begin PBXBuildFile section */
		5A22DD32AA184288BEC932AA /* libPods.a in Frameworks */ = {isa = PBXBuildFile; fileRef = BC8B4EC8D342465796C4A37E /* libPods.a */; };
		82380876CA9D496387191727 /* libPods-test.a in Frameworks */ = {isa = PBXBuildFile; fileRef = DA5043C247C54257A2FCABFE /* libPods-test.a */; };
		E90F04D4182AA41A004B8CCD /* AssetItem.m in Sources */ = {isa = PBXBuildFile; fileRef = E90F04D3182AA41A004B8CCD /* AssetItem.m */; };
		E90F04D7182AA430004B8CCD /* VideoLibrary.m in Sources */ = {isa = PBXBuildFile; fileRef = E90F04D6182AA430004B8CCD /* VideoLibrary.m */; };
		E90F04DA182BEA71004B8CCD /* CWMessageItem.m in Sources */ = {isa = PBXBuildFile; fileRef = E90F04D9182BEA71004B8CCD /* CWMessageItem.m */; };
		E90F04DD182BF758004B8CCD /* CWMetadata.m in Sources */ = {isa = PBXBuildFile; fileRef = E90F04DC182BF758004B8CCD /* CWMetadata.m */; };
		E90F04E8182D7AD4004B8CCD /* CWStartScreenViewController.m in Sources */ = {isa = PBXBuildFile; fileRef = E90F04E7182D7AD4004B8CCD /* CWStartScreenViewController.m */; };
		E924AD15183A9010009400DD /* CWSSOpenerViewController.xib in Resources */ = {isa = PBXBuildFile; fileRef = E924AD14183A9010009400DD /* CWSSOpenerViewController.xib */; };
		E924AD18183AA160009400DD /* CWPIPOpenerViewController.m in Sources */ = {isa = PBXBuildFile; fileRef = E924AD17183AA160009400DD /* CWPIPOpenerViewController.m */; };
		E924AD1B183AA16D009400DD /* CWSSOpenerViewController.m in Sources */ = {isa = PBXBuildFile; fileRef = E924AD1A183AA16D009400DD /* CWSSOpenerViewController.m */; };
		E924AD1D183AA902009400DD /* CWPIPStartScreenViewController.xib in Resources */ = {isa = PBXBuildFile; fileRef = E924AD1C183AA902009400DD /* CWPIPStartScreenViewController.xib */; };
		E924AD1F183AAD1F009400DD /* CWSSStartScreenViewController.xib in Resources */ = {isa = PBXBuildFile; fileRef = E924AD1E183AAD1F009400DD /* CWSSStartScreenViewController.xib */; };
		E924AD22183AAD47009400DD /* CWPIPStartScreenViewController.m in Sources */ = {isa = PBXBuildFile; fileRef = E924AD21183AAD47009400DD /* CWPIPStartScreenViewController.m */; };
		E924AD25183AAD69009400DD /* CWSSStartScreenViewController.m in Sources */ = {isa = PBXBuildFile; fileRef = E924AD24183AAD69009400DD /* CWSSStartScreenViewController.m */; };
		E924AD29183AB0BC009400DD /* CWPIPComposerViewController.xib in Resources */ = {isa = PBXBuildFile; fileRef = E924AD28183AB0BC009400DD /* CWPIPComposerViewController.xib */; };
		E924AD2B183AB450009400DD /* CWSSComposerViewController.xib in Resources */ = {isa = PBXBuildFile; fileRef = E924AD2A183AB450009400DD /* CWSSComposerViewController.xib */; };
		E924AD2E183AB481009400DD /* CWPIPComposerViewController.m in Sources */ = {isa = PBXBuildFile; fileRef = E924AD2D183AB481009400DD /* CWPIPComposerViewController.m */; };
		E924AD31183AB491009400DD /* CWSSComposerViewController.m in Sources */ = {isa = PBXBuildFile; fileRef = E924AD30183AB491009400DD /* CWSSComposerViewController.m */; };
		E924AD34183AB789009400DD /* CWSSReviewViewController.xib in Resources */ = {isa = PBXBuildFile; fileRef = E924AD33183AB789009400DD /* CWSSReviewViewController.xib */; };
		E924AD37183AB7CA009400DD /* CWPIPReviewViewController.m in Sources */ = {isa = PBXBuildFile; fileRef = E924AD36183AB7CA009400DD /* CWPIPReviewViewController.m */; };
		E924AD3A183AB7D8009400DD /* CWSSReviewViewController.m in Sources */ = {isa = PBXBuildFile; fileRef = E924AD39183AB7D8009400DD /* CWSSReviewViewController.m */; };
		E9443987182940AF0088A381 /* Foundation.framework in Frameworks */ = {isa = PBXBuildFile; fileRef = E9443986182940AF0088A381 /* Foundation.framework */; };
		E9443989182940AF0088A381 /* CoreGraphics.framework in Frameworks */ = {isa = PBXBuildFile; fileRef = E9443988182940AF0088A381 /* CoreGraphics.framework */; };
		E944398B182940AF0088A381 /* UIKit.framework in Frameworks */ = {isa = PBXBuildFile; fileRef = E944398A182940AF0088A381 /* UIKit.framework */; };
		E9443991182940AF0088A381 /* InfoPlist.strings in Resources */ = {isa = PBXBuildFile; fileRef = E944398F182940AF0088A381 /* InfoPlist.strings */; };
		E9443993182940AF0088A381 /* main.m in Sources */ = {isa = PBXBuildFile; fileRef = E9443992182940AF0088A381 /* main.m */; };
		E9443997182940AF0088A381 /* AppDelegate.m in Sources */ = {isa = PBXBuildFile; fileRef = E9443996182940AF0088A381 /* AppDelegate.m */; };
		E944399D182940AF0088A381 /* SenderViewController.m in Sources */ = {isa = PBXBuildFile; fileRef = E944399C182940AF0088A381 /* SenderViewController.m */; };
		E944399F182940AF0088A381 /* Images.xcassets in Resources */ = {isa = PBXBuildFile; fileRef = E944399E182940AF0088A381 /* Images.xcassets */; };
		E94439A6182940AF0088A381 /* XCTest.framework in Frameworks */ = {isa = PBXBuildFile; fileRef = E94439A5182940AF0088A381 /* XCTest.framework */; };
		E94439A7182940AF0088A381 /* Foundation.framework in Frameworks */ = {isa = PBXBuildFile; fileRef = E9443986182940AF0088A381 /* Foundation.framework */; };
		E94439A8182940AF0088A381 /* UIKit.framework in Frameworks */ = {isa = PBXBuildFile; fileRef = E944398A182940AF0088A381 /* UIKit.framework */; };
		E94439B0182940AF0088A381 /* InfoPlist.strings in Resources */ = {isa = PBXBuildFile; fileRef = E94439AE182940AF0088A381 /* InfoPlist.strings */; };
		E94439BC1829436E0088A381 /* AVFoundation.framework in Frameworks */ = {isa = PBXBuildFile; fileRef = E94439BB1829436E0088A381 /* AVFoundation.framework */; };
		E94439C0182944C30088A381 /* CoreAudio.framework in Frameworks */ = {isa = PBXBuildFile; fileRef = E94439BD182944C30088A381 /* CoreAudio.framework */; };
		E94439C1182944C30088A381 /* CoreMedia.framework in Frameworks */ = {isa = PBXBuildFile; fileRef = E94439BE182944C30088A381 /* CoreMedia.framework */; };
		E94439C2182944C30088A381 /* CoreVideo.framework in Frameworks */ = {isa = PBXBuildFile; fileRef = E94439BF182944C30088A381 /* CoreVideo.framework */; };
		E94439C4182944D00088A381 /* QuartzCore.framework in Frameworks */ = {isa = PBXBuildFile; fileRef = E94439C3182944D00088A381 /* QuartzCore.framework */; };
		E94439C6182944E60088A381 /* MediaPlayer.framework in Frameworks */ = {isa = PBXBuildFile; fileRef = E94439C5182944E60088A381 /* MediaPlayer.framework */; };
		E94439CA182944EC0088A381 /* ImageIO.framework in Frameworks */ = {isa = PBXBuildFile; fileRef = E94439C8182944EC0088A381 /* ImageIO.framework */; };
		E94439CC182945000088A381 /* AssetsLibrary.framework in Frameworks */ = {isa = PBXBuildFile; fileRef = E94439CB182945000088A381 /* AssetsLibrary.framework */; };
		E94439D1182946460088A381 /* AVCamCaptureManager.m in Sources */ = {isa = PBXBuildFile; fileRef = E94439CE182946460088A381 /* AVCamCaptureManager.m */; };
		E94439D2182946460088A381 /* AVCamRecorder.m in Sources */ = {isa = PBXBuildFile; fileRef = E94439D0182946460088A381 /* AVCamRecorder.m */; };
		E94439D418294E990088A381 /* MessageUI.framework in Frameworks */ = {isa = PBXBuildFile; fileRef = E94439D318294E990088A381 /* MessageUI.framework */; };
		E94439D71829511A0088A381 /* PlaybackViewController.m in Sources */ = {isa = PBXBuildFile; fileRef = E94439D61829511A0088A381 /* PlaybackViewController.m */; };
		E94439DA18295B0B0088A381 /* VideoPlayerViewController.m in Sources */ = {isa = PBXBuildFile; fileRef = E94439D918295B0B0088A381 /* VideoPlayerViewController.m */; };
		E94439DD18295B9C0088A381 /* VideoPlayerView.m in Sources */ = {isa = PBXBuildFile; fileRef = E94439DC18295B9C0088A381 /* VideoPlayerView.m */; };
		E94439E018297ED30088A381 /* OpenerViewController.m in Sources */ = {isa = PBXBuildFile; fileRef = E94439DF18297ED30088A381 /* OpenerViewController.m */; };
		E95E25DC1831425800E3950B /* CWMessageItemTests.m in Sources */ = {isa = PBXBuildFile; fileRef = E95E25DB1831425800E3950B /* CWMessageItemTests.m */; };
		E95E25E018314B7300E3950B /* CWVideoManagerTests.m in Sources */ = {isa = PBXBuildFile; fileRef = E95E25DF18314B7300E3950B /* CWVideoManagerTests.m */; };
		E95E25E318314B8300E3950B /* CWVideoManager.m in Sources */ = {isa = PBXBuildFile; fileRef = E95E25E218314B8300E3950B /* CWVideoManager.m */; };
		E95E25E818314DC500E3950B /* CWVideoPlayerTests.m in Sources */ = {isa = PBXBuildFile; fileRef = E95E25E718314DC500E3950B /* CWVideoPlayerTests.m */; };
		E95E25EB18314DD200E3950B /* CWVideoPlayer.m in Sources */ = {isa = PBXBuildFile; fileRef = E95E25EA18314DD200E3950B /* CWVideoPlayer.m */; };
		E965255E18341963008987BD /* CWReviewVCTests.m in Sources */ = {isa = PBXBuildFile; fileRef = E965255D18341963008987BD /* CWReviewVCTests.m */; };
		E9652562183535C1008987BD /* CWOpenerViewController.m in Sources */ = {isa = PBXBuildFile; fileRef = E9652560183535C1008987BD /* CWOpenerViewController.m */; };
		E9652563183535C1008987BD /* CWPIPOpenerViewController.xib in Resources */ = {isa = PBXBuildFile; fileRef = E9652561183535C1008987BD /* CWPIPOpenerViewController.xib */; };
		E96525651835367A008987BD /* CWOpenerVCTests.m in Sources */ = {isa = PBXBuildFile; fileRef = E96525641835367A008987BD /* CWOpenerVCTests.m */; };
		E9C1154B1832803400DB67D2 /* CWVideoRecorderTests.m in Sources */ = {isa = PBXBuildFile; fileRef = E9C1154A1832803400DB67D2 /* CWVideoRecorderTests.m */; };
		E9C115501832805300DB67D2 /* CWVideoRecorder.m in Sources */ = {isa = PBXBuildFile; fileRef = E9C1154F1832805300DB67D2 /* CWVideoRecorder.m */; };
		E9C115531832970E00DB67D2 /* CWComposerViewController.m in Sources */ = {isa = PBXBuildFile; fileRef = E9C115521832970E00DB67D2 /* CWComposerViewController.m */; };
		E9C1155A1832987700DB67D2 /* CWFeedbackViewController.m in Sources */ = {isa = PBXBuildFile; fileRef = E9C115581832987700DB67D2 /* CWFeedbackViewController.m */; };
		E9C1155B1832987700DB67D2 /* CWFeedbackViewController.xib in Resources */ = {isa = PBXBuildFile; fileRef = E9C115591832987700DB67D2 /* CWFeedbackViewController.xib */; };
		E9C1155D1832AFEE00DB67D2 /* CWComposerVCTests.m in Sources */ = {isa = PBXBuildFile; fileRef = E9C1155C1832AFEE00DB67D2 /* CWComposerVCTests.m */; };
		E9C115601832B9AD00DB67D2 /* AVURLAsset+Spec.m in Sources */ = {isa = PBXBuildFile; fileRef = E9C1155F1832B9AD00DB67D2 /* AVURLAsset+Spec.m */; };
		E9C115631832CA0500DB67D2 /* AVPlayer+Spec.m in Sources */ = {isa = PBXBuildFile; fileRef = E9C115621832CA0500DB67D2 /* AVPlayer+Spec.m */; };
		E9C115661832CA1900DB67D2 /* AVPlayerItem+Spec.m in Sources */ = {isa = PBXBuildFile; fileRef = E9C115651832CA1900DB67D2 /* AVPlayerItem+Spec.m */; };
		E9C1156A1832D82700DB67D2 /* CWReviewViewController.m in Sources */ = {isa = PBXBuildFile; fileRef = E9C115681832D82700DB67D2 /* CWReviewViewController.m */; };
		E9C1156B1832D82700DB67D2 /* CWPIPReviewViewController.xib in Resources */ = {isa = PBXBuildFile; fileRef = E9C115691832D82700DB67D2 /* CWPIPReviewViewController.xib */; };
		E9CE73E618316AEC00056FA9 /* TestUtils.m in Sources */ = {isa = PBXBuildFile; fileRef = E9CE73E518316AEC00056FA9 /* TestUtils.m */; };
		E9CE73EA1831810900056FA9 /* video.mp4 in Resources */ = {isa = PBXBuildFile; fileRef = E9CE73E91831810900056FA9 /* video.mp4 */; };
		E9CE73ED1831873A00056FA9 /* CWVideoPlayerView.m in Sources */ = {isa = PBXBuildFile; fileRef = E9CE73EC1831873A00056FA9 /* CWVideoPlayerView.m */; };
		E9CE73EF1831878000056FA9 /* CWVideoPlayerViewTests.m in Sources */ = {isa = PBXBuildFile; fileRef = E9CE73EE1831878000056FA9 /* CWVideoPlayerViewTests.m */; };
/* End PBXBuildFile section */

/* Begin PBXContainerItemProxy section */
		E94439A9182940AF0088A381 /* PBXContainerItemProxy */ = {
			isa = PBXContainerItemProxy;
			containerPortal = E944397B182940AF0088A381 /* Project object */;
			proxyType = 1;
			remoteGlobalIDString = E9443982182940AF0088A381;
			remoteInfo = Sender;
		};
/* End PBXContainerItemProxy section */

/* Begin PBXFileReference section */
		021C04FCE95441C395C53215 /* Pods-test.xcconfig */ = {isa = PBXFileReference; includeInIndex = 1; lastKnownFileType = text.xcconfig; name = "Pods-test.xcconfig"; path = "Pods/Pods-test.xcconfig"; sourceTree = "<group>"; };
		810134A78491415EBDC34438 /* Pods.xcconfig */ = {isa = PBXFileReference; includeInIndex = 1; lastKnownFileType = text.xcconfig; name = Pods.xcconfig; path = Pods/Pods.xcconfig; sourceTree = "<group>"; };
		BC8B4EC8D342465796C4A37E /* libPods.a */ = {isa = PBXFileReference; explicitFileType = archive.ar; includeInIndex = 0; path = libPods.a; sourceTree = BUILT_PRODUCTS_DIR; };
		DA5043C247C54257A2FCABFE /* libPods-test.a */ = {isa = PBXFileReference; explicitFileType = archive.ar; includeInIndex = 0; path = "libPods-test.a"; sourceTree = BUILT_PRODUCTS_DIR; };
		E90F04D2182AA41A004B8CCD /* AssetItem.h */ = {isa = PBXFileReference; fileEncoding = 4; lastKnownFileType = sourcecode.c.h; path = AssetItem.h; sourceTree = "<group>"; };
		E90F04D3182AA41A004B8CCD /* AssetItem.m */ = {isa = PBXFileReference; fileEncoding = 4; lastKnownFileType = sourcecode.c.objc; path = AssetItem.m; sourceTree = "<group>"; };
		E90F04D5182AA430004B8CCD /* VideoLibrary.h */ = {isa = PBXFileReference; fileEncoding = 4; lastKnownFileType = sourcecode.c.h; path = VideoLibrary.h; sourceTree = "<group>"; };
		E90F04D6182AA430004B8CCD /* VideoLibrary.m */ = {isa = PBXFileReference; fileEncoding = 4; lastKnownFileType = sourcecode.c.objc; path = VideoLibrary.m; sourceTree = "<group>"; };
		E90F04D8182BEA71004B8CCD /* CWMessageItem.h */ = {isa = PBXFileReference; fileEncoding = 4; lastKnownFileType = sourcecode.c.h; path = CWMessageItem.h; sourceTree = "<group>"; };
		E90F04D9182BEA71004B8CCD /* CWMessageItem.m */ = {isa = PBXFileReference; fileEncoding = 4; lastKnownFileType = sourcecode.c.objc; path = CWMessageItem.m; sourceTree = "<group>"; };
		E90F04DB182BF758004B8CCD /* CWMetadata.h */ = {isa = PBXFileReference; fileEncoding = 4; lastKnownFileType = sourcecode.c.h; path = CWMetadata.h; sourceTree = "<group>"; };
		E90F04DC182BF758004B8CCD /* CWMetadata.m */ = {isa = PBXFileReference; fileEncoding = 4; lastKnownFileType = sourcecode.c.objc; path = CWMetadata.m; sourceTree = "<group>"; };
		E90F04E6182D7AD4004B8CCD /* CWStartScreenViewController.h */ = {isa = PBXFileReference; fileEncoding = 4; lastKnownFileType = sourcecode.c.h; path = CWStartScreenViewController.h; sourceTree = "<group>"; };
		E90F04E7182D7AD4004B8CCD /* CWStartScreenViewController.m */ = {isa = PBXFileReference; fileEncoding = 4; lastKnownFileType = sourcecode.c.objc; path = CWStartScreenViewController.m; sourceTree = "<group>"; };
		E924AD14183A9010009400DD /* CWSSOpenerViewController.xib */ = {isa = PBXFileReference; fileEncoding = 4; lastKnownFileType = file.xib; path = CWSSOpenerViewController.xib; sourceTree = "<group>"; };
		E924AD16183AA160009400DD /* CWPIPOpenerViewController.h */ = {isa = PBXFileReference; fileEncoding = 4; lastKnownFileType = sourcecode.c.h; path = CWPIPOpenerViewController.h; sourceTree = "<group>"; };
		E924AD17183AA160009400DD /* CWPIPOpenerViewController.m */ = {isa = PBXFileReference; fileEncoding = 4; lastKnownFileType = sourcecode.c.objc; path = CWPIPOpenerViewController.m; sourceTree = "<group>"; };
		E924AD19183AA16D009400DD /* CWSSOpenerViewController.h */ = {isa = PBXFileReference; fileEncoding = 4; lastKnownFileType = sourcecode.c.h; path = CWSSOpenerViewController.h; sourceTree = "<group>"; };
		E924AD1A183AA16D009400DD /* CWSSOpenerViewController.m */ = {isa = PBXFileReference; fileEncoding = 4; lastKnownFileType = sourcecode.c.objc; path = CWSSOpenerViewController.m; sourceTree = "<group>"; };
		E924AD1C183AA902009400DD /* CWPIPStartScreenViewController.xib */ = {isa = PBXFileReference; fileEncoding = 4; lastKnownFileType = file.xib; path = CWPIPStartScreenViewController.xib; sourceTree = "<group>"; };
		E924AD1E183AAD1F009400DD /* CWSSStartScreenViewController.xib */ = {isa = PBXFileReference; fileEncoding = 4; lastKnownFileType = file.xib; path = CWSSStartScreenViewController.xib; sourceTree = "<group>"; };
		E924AD20183AAD47009400DD /* CWPIPStartScreenViewController.h */ = {isa = PBXFileReference; fileEncoding = 4; lastKnownFileType = sourcecode.c.h; path = CWPIPStartScreenViewController.h; sourceTree = "<group>"; };
		E924AD21183AAD47009400DD /* CWPIPStartScreenViewController.m */ = {isa = PBXFileReference; fileEncoding = 4; lastKnownFileType = sourcecode.c.objc; path = CWPIPStartScreenViewController.m; sourceTree = "<group>"; };
		E924AD23183AAD69009400DD /* CWSSStartScreenViewController.h */ = {isa = PBXFileReference; fileEncoding = 4; lastKnownFileType = sourcecode.c.h; path = CWSSStartScreenViewController.h; sourceTree = "<group>"; };
		E924AD24183AAD69009400DD /* CWSSStartScreenViewController.m */ = {isa = PBXFileReference; fileEncoding = 4; lastKnownFileType = sourcecode.c.objc; path = CWSSStartScreenViewController.m; sourceTree = "<group>"; };
		E924AD28183AB0BC009400DD /* CWPIPComposerViewController.xib */ = {isa = PBXFileReference; fileEncoding = 4; lastKnownFileType = file.xib; path = CWPIPComposerViewController.xib; sourceTree = "<group>"; };
		E924AD2A183AB450009400DD /* CWSSComposerViewController.xib */ = {isa = PBXFileReference; fileEncoding = 4; lastKnownFileType = file.xib; path = CWSSComposerViewController.xib; sourceTree = "<group>"; };
		E924AD2C183AB481009400DD /* CWPIPComposerViewController.h */ = {isa = PBXFileReference; fileEncoding = 4; lastKnownFileType = sourcecode.c.h; path = CWPIPComposerViewController.h; sourceTree = "<group>"; };
		E924AD2D183AB481009400DD /* CWPIPComposerViewController.m */ = {isa = PBXFileReference; fileEncoding = 4; lastKnownFileType = sourcecode.c.objc; path = CWPIPComposerViewController.m; sourceTree = "<group>"; };
		E924AD2F183AB491009400DD /* CWSSComposerViewController.h */ = {isa = PBXFileReference; fileEncoding = 4; lastKnownFileType = sourcecode.c.h; path = CWSSComposerViewController.h; sourceTree = "<group>"; };
		E924AD30183AB491009400DD /* CWSSComposerViewController.m */ = {isa = PBXFileReference; fileEncoding = 4; lastKnownFileType = sourcecode.c.objc; path = CWSSComposerViewController.m; sourceTree = "<group>"; };
		E924AD33183AB789009400DD /* CWSSReviewViewController.xib */ = {isa = PBXFileReference; fileEncoding = 4; lastKnownFileType = file.xib; path = CWSSReviewViewController.xib; sourceTree = "<group>"; };
		E924AD35183AB7CA009400DD /* CWPIPReviewViewController.h */ = {isa = PBXFileReference; fileEncoding = 4; lastKnownFileType = sourcecode.c.h; path = CWPIPReviewViewController.h; sourceTree = "<group>"; };
		E924AD36183AB7CA009400DD /* CWPIPReviewViewController.m */ = {isa = PBXFileReference; fileEncoding = 4; lastKnownFileType = sourcecode.c.objc; path = CWPIPReviewViewController.m; sourceTree = "<group>"; };
		E924AD38183AB7D8009400DD /* CWSSReviewViewController.h */ = {isa = PBXFileReference; fileEncoding = 4; lastKnownFileType = sourcecode.c.h; path = CWSSReviewViewController.h; sourceTree = "<group>"; };
		E924AD39183AB7D8009400DD /* CWSSReviewViewController.m */ = {isa = PBXFileReference; fileEncoding = 4; lastKnownFileType = sourcecode.c.objc; path = CWSSReviewViewController.m; sourceTree = "<group>"; };
		E9443983182940AF0088A381 /* Sender.app */ = {isa = PBXFileReference; explicitFileType = wrapper.application; includeInIndex = 0; path = Sender.app; sourceTree = BUILT_PRODUCTS_DIR; };
		E9443986182940AF0088A381 /* Foundation.framework */ = {isa = PBXFileReference; lastKnownFileType = wrapper.framework; name = Foundation.framework; path = System/Library/Frameworks/Foundation.framework; sourceTree = SDKROOT; };
		E9443988182940AF0088A381 /* CoreGraphics.framework */ = {isa = PBXFileReference; lastKnownFileType = wrapper.framework; name = CoreGraphics.framework; path = System/Library/Frameworks/CoreGraphics.framework; sourceTree = SDKROOT; };
		E944398A182940AF0088A381 /* UIKit.framework */ = {isa = PBXFileReference; lastKnownFileType = wrapper.framework; name = UIKit.framework; path = System/Library/Frameworks/UIKit.framework; sourceTree = SDKROOT; };
		E944398E182940AF0088A381 /* Sender-Info.plist */ = {isa = PBXFileReference; lastKnownFileType = text.plist.xml; path = "Sender-Info.plist"; sourceTree = "<group>"; };
		E9443990182940AF0088A381 /* en */ = {isa = PBXFileReference; lastKnownFileType = text.plist.strings; name = en; path = en.lproj/InfoPlist.strings; sourceTree = "<group>"; };
		E9443992182940AF0088A381 /* main.m */ = {isa = PBXFileReference; lastKnownFileType = sourcecode.c.objc; path = main.m; sourceTree = "<group>"; };
		E9443994182940AF0088A381 /* Sender-Prefix.pch */ = {isa = PBXFileReference; lastKnownFileType = sourcecode.c.h; path = "Sender-Prefix.pch"; sourceTree = "<group>"; };
		E9443995182940AF0088A381 /* AppDelegate.h */ = {isa = PBXFileReference; lastKnownFileType = sourcecode.c.h; path = AppDelegate.h; sourceTree = "<group>"; };
		E9443996182940AF0088A381 /* AppDelegate.m */ = {isa = PBXFileReference; lastKnownFileType = sourcecode.c.objc; path = AppDelegate.m; sourceTree = "<group>"; };
		E944399B182940AF0088A381 /* SenderViewController.h */ = {isa = PBXFileReference; lastKnownFileType = sourcecode.c.h; path = SenderViewController.h; sourceTree = "<group>"; };
		E944399C182940AF0088A381 /* SenderViewController.m */ = {isa = PBXFileReference; lastKnownFileType = sourcecode.c.objc; path = SenderViewController.m; sourceTree = "<group>"; };
		E944399E182940AF0088A381 /* Images.xcassets */ = {isa = PBXFileReference; lastKnownFileType = folder.assetcatalog; path = Images.xcassets; sourceTree = "<group>"; };
		E94439A4182940AF0088A381 /* SenderTests.xctest */ = {isa = PBXFileReference; explicitFileType = wrapper.cfbundle; includeInIndex = 0; path = SenderTests.xctest; sourceTree = BUILT_PRODUCTS_DIR; };
		E94439A5182940AF0088A381 /* XCTest.framework */ = {isa = PBXFileReference; lastKnownFileType = wrapper.framework; name = XCTest.framework; path = Library/Frameworks/XCTest.framework; sourceTree = DEVELOPER_DIR; };
		E94439AD182940AF0088A381 /* SenderTests-Info.plist */ = {isa = PBXFileReference; lastKnownFileType = text.plist.xml; path = "SenderTests-Info.plist"; sourceTree = "<group>"; };
		E94439AF182940AF0088A381 /* en */ = {isa = PBXFileReference; lastKnownFileType = text.plist.strings; name = en; path = en.lproj/InfoPlist.strings; sourceTree = "<group>"; };
		E94439BB1829436E0088A381 /* AVFoundation.framework */ = {isa = PBXFileReference; lastKnownFileType = wrapper.framework; name = AVFoundation.framework; path = System/Library/Frameworks/AVFoundation.framework; sourceTree = SDKROOT; };
		E94439BD182944C30088A381 /* CoreAudio.framework */ = {isa = PBXFileReference; lastKnownFileType = wrapper.framework; name = CoreAudio.framework; path = System/Library/Frameworks/CoreAudio.framework; sourceTree = SDKROOT; };
		E94439BE182944C30088A381 /* CoreMedia.framework */ = {isa = PBXFileReference; lastKnownFileType = wrapper.framework; name = CoreMedia.framework; path = System/Library/Frameworks/CoreMedia.framework; sourceTree = SDKROOT; };
		E94439BF182944C30088A381 /* CoreVideo.framework */ = {isa = PBXFileReference; lastKnownFileType = wrapper.framework; name = CoreVideo.framework; path = System/Library/Frameworks/CoreVideo.framework; sourceTree = SDKROOT; };
		E94439C3182944D00088A381 /* QuartzCore.framework */ = {isa = PBXFileReference; lastKnownFileType = wrapper.framework; name = QuartzCore.framework; path = System/Library/Frameworks/QuartzCore.framework; sourceTree = SDKROOT; };
		E94439C5182944E60088A381 /* MediaPlayer.framework */ = {isa = PBXFileReference; lastKnownFileType = wrapper.framework; name = MediaPlayer.framework; path = System/Library/Frameworks/MediaPlayer.framework; sourceTree = SDKROOT; };
		E94439C7182944EC0088A381 /* CoreImage.framework */ = {isa = PBXFileReference; lastKnownFileType = wrapper.framework; name = CoreImage.framework; path = System/Library/Frameworks/CoreImage.framework; sourceTree = SDKROOT; };
		E94439C8182944EC0088A381 /* ImageIO.framework */ = {isa = PBXFileReference; lastKnownFileType = wrapper.framework; name = ImageIO.framework; path = System/Library/Frameworks/ImageIO.framework; sourceTree = SDKROOT; };
		E94439CB182945000088A381 /* AssetsLibrary.framework */ = {isa = PBXFileReference; lastKnownFileType = wrapper.framework; name = AssetsLibrary.framework; path = System/Library/Frameworks/AssetsLibrary.framework; sourceTree = SDKROOT; };
		E94439CD182946460088A381 /* AVCamCaptureManager.h */ = {isa = PBXFileReference; fileEncoding = 4; lastKnownFileType = sourcecode.c.h; path = AVCamCaptureManager.h; sourceTree = "<group>"; };
		E94439CE182946460088A381 /* AVCamCaptureManager.m */ = {isa = PBXFileReference; fileEncoding = 4; lastKnownFileType = sourcecode.c.objc; path = AVCamCaptureManager.m; sourceTree = "<group>"; };
		E94439CF182946460088A381 /* AVCamRecorder.h */ = {isa = PBXFileReference; fileEncoding = 4; lastKnownFileType = sourcecode.c.h; path = AVCamRecorder.h; sourceTree = "<group>"; };
		E94439D0182946460088A381 /* AVCamRecorder.m */ = {isa = PBXFileReference; fileEncoding = 4; lastKnownFileType = sourcecode.c.objc; path = AVCamRecorder.m; sourceTree = "<group>"; };
		E94439D318294E990088A381 /* MessageUI.framework */ = {isa = PBXFileReference; lastKnownFileType = wrapper.framework; name = MessageUI.framework; path = System/Library/Frameworks/MessageUI.framework; sourceTree = SDKROOT; };
		E94439D51829511A0088A381 /* PlaybackViewController.h */ = {isa = PBXFileReference; fileEncoding = 4; lastKnownFileType = sourcecode.c.h; path = PlaybackViewController.h; sourceTree = "<group>"; };
		E94439D61829511A0088A381 /* PlaybackViewController.m */ = {isa = PBXFileReference; fileEncoding = 4; lastKnownFileType = sourcecode.c.objc; path = PlaybackViewController.m; sourceTree = "<group>"; };
		E94439D818295B0B0088A381 /* VideoPlayerViewController.h */ = {isa = PBXFileReference; fileEncoding = 4; lastKnownFileType = sourcecode.c.h; path = VideoPlayerViewController.h; sourceTree = "<group>"; };
		E94439D918295B0B0088A381 /* VideoPlayerViewController.m */ = {isa = PBXFileReference; fileEncoding = 4; lastKnownFileType = sourcecode.c.objc; path = VideoPlayerViewController.m; sourceTree = "<group>"; };
		E94439DB18295B9C0088A381 /* VideoPlayerView.h */ = {isa = PBXFileReference; fileEncoding = 4; lastKnownFileType = sourcecode.c.h; path = VideoPlayerView.h; sourceTree = "<group>"; };
		E94439DC18295B9C0088A381 /* VideoPlayerView.m */ = {isa = PBXFileReference; fileEncoding = 4; lastKnownFileType = sourcecode.c.objc; path = VideoPlayerView.m; sourceTree = "<group>"; };
		E94439DE18297ED30088A381 /* OpenerViewController.h */ = {isa = PBXFileReference; fileEncoding = 4; lastKnownFileType = sourcecode.c.h; path = OpenerViewController.h; sourceTree = "<group>"; };
		E94439DF18297ED30088A381 /* OpenerViewController.m */ = {isa = PBXFileReference; fileEncoding = 4; lastKnownFileType = sourcecode.c.objc; path = OpenerViewController.m; sourceTree = "<group>"; };
		E95E25DB1831425800E3950B /* CWMessageItemTests.m */ = {isa = PBXFileReference; fileEncoding = 4; lastKnownFileType = sourcecode.c.objc; path = CWMessageItemTests.m; sourceTree = "<group>"; };
		E95E25DF18314B7300E3950B /* CWVideoManagerTests.m */ = {isa = PBXFileReference; fileEncoding = 4; lastKnownFileType = sourcecode.c.objc; path = CWVideoManagerTests.m; sourceTree = "<group>"; };
		E95E25E118314B8300E3950B /* CWVideoManager.h */ = {isa = PBXFileReference; fileEncoding = 4; lastKnownFileType = sourcecode.c.h; path = CWVideoManager.h; sourceTree = "<group>"; };
		E95E25E218314B8300E3950B /* CWVideoManager.m */ = {isa = PBXFileReference; fileEncoding = 4; lastKnownFileType = sourcecode.c.objc; path = CWVideoManager.m; sourceTree = "<group>"; };
		E95E25E718314DC500E3950B /* CWVideoPlayerTests.m */ = {isa = PBXFileReference; fileEncoding = 4; lastKnownFileType = sourcecode.c.objc; path = CWVideoPlayerTests.m; sourceTree = "<group>"; };
		E95E25E918314DD200E3950B /* CWVideoPlayer.h */ = {isa = PBXFileReference; fileEncoding = 4; lastKnownFileType = sourcecode.c.h; path = CWVideoPlayer.h; sourceTree = "<group>"; };
		E95E25EA18314DD200E3950B /* CWVideoPlayer.m */ = {isa = PBXFileReference; fileEncoding = 4; lastKnownFileType = sourcecode.c.objc; path = CWVideoPlayer.m; sourceTree = "<group>"; };
		E965255D18341963008987BD /* CWReviewVCTests.m */ = {isa = PBXFileReference; fileEncoding = 4; lastKnownFileType = sourcecode.c.objc; path = CWReviewVCTests.m; sourceTree = "<group>"; };
		E965255F183535C1008987BD /* CWOpenerViewController.h */ = {isa = PBXFileReference; fileEncoding = 4; lastKnownFileType = sourcecode.c.h; path = CWOpenerViewController.h; sourceTree = "<group>"; };
		E9652560183535C1008987BD /* CWOpenerViewController.m */ = {isa = PBXFileReference; fileEncoding = 4; lastKnownFileType = sourcecode.c.objc; path = CWOpenerViewController.m; sourceTree = "<group>"; };
		E9652561183535C1008987BD /* CWPIPOpenerViewController.xib */ = {isa = PBXFileReference; fileEncoding = 4; lastKnownFileType = file.xib; path = CWPIPOpenerViewController.xib; sourceTree = "<group>"; };
		E96525641835367A008987BD /* CWOpenerVCTests.m */ = {isa = PBXFileReference; fileEncoding = 4; lastKnownFileType = sourcecode.c.objc; path = CWOpenerVCTests.m; sourceTree = "<group>"; };
		E9C1154A1832803400DB67D2 /* CWVideoRecorderTests.m */ = {isa = PBXFileReference; fileEncoding = 4; lastKnownFileType = sourcecode.c.objc; path = CWVideoRecorderTests.m; sourceTree = "<group>"; };
		E9C1154E1832805300DB67D2 /* CWVideoRecorder.h */ = {isa = PBXFileReference; fileEncoding = 4; lastKnownFileType = sourcecode.c.h; path = CWVideoRecorder.h; sourceTree = "<group>"; };
		E9C1154F1832805300DB67D2 /* CWVideoRecorder.m */ = {isa = PBXFileReference; fileEncoding = 4; lastKnownFileType = sourcecode.c.objc; path = CWVideoRecorder.m; sourceTree = "<group>"; };
		E9C115511832970E00DB67D2 /* CWComposerViewController.h */ = {isa = PBXFileReference; fileEncoding = 4; lastKnownFileType = sourcecode.c.h; path = CWComposerViewController.h; sourceTree = "<group>"; };
		E9C115521832970E00DB67D2 /* CWComposerViewController.m */ = {isa = PBXFileReference; fileEncoding = 4; lastKnownFileType = sourcecode.c.objc; path = CWComposerViewController.m; sourceTree = "<group>"; };
		E9C115571832987700DB67D2 /* CWFeedbackViewController.h */ = {isa = PBXFileReference; fileEncoding = 4; lastKnownFileType = sourcecode.c.h; path = CWFeedbackViewController.h; sourceTree = "<group>"; };
		E9C115581832987700DB67D2 /* CWFeedbackViewController.m */ = {isa = PBXFileReference; fileEncoding = 4; lastKnownFileType = sourcecode.c.objc; path = CWFeedbackViewController.m; sourceTree = "<group>"; };
		E9C115591832987700DB67D2 /* CWFeedbackViewController.xib */ = {isa = PBXFileReference; fileEncoding = 4; lastKnownFileType = file.xib; path = CWFeedbackViewController.xib; sourceTree = "<group>"; };
		E9C1155C1832AFEE00DB67D2 /* CWComposerVCTests.m */ = {isa = PBXFileReference; fileEncoding = 4; lastKnownFileType = sourcecode.c.objc; path = CWComposerVCTests.m; sourceTree = "<group>"; };
		E9C1155E1832B9AD00DB67D2 /* AVURLAsset+Spec.h */ = {isa = PBXFileReference; fileEncoding = 4; lastKnownFileType = sourcecode.c.h; path = "AVURLAsset+Spec.h"; sourceTree = "<group>"; };
		E9C1155F1832B9AD00DB67D2 /* AVURLAsset+Spec.m */ = {isa = PBXFileReference; fileEncoding = 4; lastKnownFileType = sourcecode.c.objc; path = "AVURLAsset+Spec.m"; sourceTree = "<group>"; };
		E9C115611832CA0500DB67D2 /* AVPlayer+Spec.h */ = {isa = PBXFileReference; fileEncoding = 4; lastKnownFileType = sourcecode.c.h; path = "AVPlayer+Spec.h"; sourceTree = "<group>"; };
		E9C115621832CA0500DB67D2 /* AVPlayer+Spec.m */ = {isa = PBXFileReference; fileEncoding = 4; lastKnownFileType = sourcecode.c.objc; path = "AVPlayer+Spec.m"; sourceTree = "<group>"; };
		E9C115641832CA1900DB67D2 /* AVPlayerItem+Spec.h */ = {isa = PBXFileReference; fileEncoding = 4; lastKnownFileType = sourcecode.c.h; path = "AVPlayerItem+Spec.h"; sourceTree = "<group>"; };
		E9C115651832CA1900DB67D2 /* AVPlayerItem+Spec.m */ = {isa = PBXFileReference; fileEncoding = 4; lastKnownFileType = sourcecode.c.objc; path = "AVPlayerItem+Spec.m"; sourceTree = "<group>"; };
		E9C115671832D82700DB67D2 /* CWReviewViewController.h */ = {isa = PBXFileReference; fileEncoding = 4; lastKnownFileType = sourcecode.c.h; path = CWReviewViewController.h; sourceTree = "<group>"; };
		E9C115681832D82700DB67D2 /* CWReviewViewController.m */ = {isa = PBXFileReference; fileEncoding = 4; lastKnownFileType = sourcecode.c.objc; path = CWReviewViewController.m; sourceTree = "<group>"; };
		E9C115691832D82700DB67D2 /* CWPIPReviewViewController.xib */ = {isa = PBXFileReference; fileEncoding = 4; lastKnownFileType = file.xib; path = CWPIPReviewViewController.xib; sourceTree = "<group>"; };
		E9CE73E418316AEC00056FA9 /* TestUtils.h */ = {isa = PBXFileReference; fileEncoding = 4; lastKnownFileType = sourcecode.c.h; path = TestUtils.h; sourceTree = "<group>"; };
		E9CE73E518316AEC00056FA9 /* TestUtils.m */ = {isa = PBXFileReference; fileEncoding = 4; lastKnownFileType = sourcecode.c.objc; path = TestUtils.m; sourceTree = "<group>"; };
		E9CE73E91831810900056FA9 /* video.mp4 */ = {isa = PBXFileReference; lastKnownFileType = file; path = video.mp4; sourceTree = "<group>"; };
		E9CE73EB1831873A00056FA9 /* CWVideoPlayerView.h */ = {isa = PBXFileReference; fileEncoding = 4; lastKnownFileType = sourcecode.c.h; path = CWVideoPlayerView.h; sourceTree = "<group>"; };
		E9CE73EC1831873A00056FA9 /* CWVideoPlayerView.m */ = {isa = PBXFileReference; fileEncoding = 4; lastKnownFileType = sourcecode.c.objc; path = CWVideoPlayerView.m; sourceTree = "<group>"; };
		E9CE73EE1831878000056FA9 /* CWVideoPlayerViewTests.m */ = {isa = PBXFileReference; fileEncoding = 4; lastKnownFileType = sourcecode.c.objc; path = CWVideoPlayerViewTests.m; sourceTree = "<group>"; };
/* End PBXFileReference section */

/* Begin PBXFrameworksBuildPhase section */
		E9443980182940AF0088A381 /* Frameworks */ = {
			isa = PBXFrameworksBuildPhase;
			buildActionMask = 2147483647;
			files = (
				E94439D418294E990088A381 /* MessageUI.framework in Frameworks */,
				E94439CC182945000088A381 /* AssetsLibrary.framework in Frameworks */,
				E94439CA182944EC0088A381 /* ImageIO.framework in Frameworks */,
				E94439C6182944E60088A381 /* MediaPlayer.framework in Frameworks */,
				E94439C4182944D00088A381 /* QuartzCore.framework in Frameworks */,
				E94439C0182944C30088A381 /* CoreAudio.framework in Frameworks */,
				E94439C1182944C30088A381 /* CoreMedia.framework in Frameworks */,
				E94439C2182944C30088A381 /* CoreVideo.framework in Frameworks */,
				E94439BC1829436E0088A381 /* AVFoundation.framework in Frameworks */,
				E9443989182940AF0088A381 /* CoreGraphics.framework in Frameworks */,
				E944398B182940AF0088A381 /* UIKit.framework in Frameworks */,
				E9443987182940AF0088A381 /* Foundation.framework in Frameworks */,
				5A22DD32AA184288BEC932AA /* libPods.a in Frameworks */,
			);
			runOnlyForDeploymentPostprocessing = 0;
		};
		E94439A1182940AF0088A381 /* Frameworks */ = {
			isa = PBXFrameworksBuildPhase;
			buildActionMask = 2147483647;
			files = (
				E94439A6182940AF0088A381 /* XCTest.framework in Frameworks */,
				E94439A8182940AF0088A381 /* UIKit.framework in Frameworks */,
				E94439A7182940AF0088A381 /* Foundation.framework in Frameworks */,
				82380876CA9D496387191727 /* libPods-test.a in Frameworks */,
			);
			runOnlyForDeploymentPostprocessing = 0;
		};
/* End PBXFrameworksBuildPhase section */

/* Begin PBXGroup section */
		E90F04D1182A9078004B8CCD /* AVCam */ = {
			isa = PBXGroup;
			children = (
				E94439CD182946460088A381 /* AVCamCaptureManager.h */,
				E94439CE182946460088A381 /* AVCamCaptureManager.m */,
				E94439CF182946460088A381 /* AVCamRecorder.h */,
				E94439D0182946460088A381 /* AVCamRecorder.m */,
				E90F04D2182AA41A004B8CCD /* AssetItem.h */,
				E90F04D3182AA41A004B8CCD /* AssetItem.m */,
				E90F04D5182AA430004B8CCD /* VideoLibrary.h */,
				E90F04D6182AA430004B8CCD /* VideoLibrary.m */,
			);
			name = AVCam;
			sourceTree = "<group>";
		};
		E90F04E3182D2A53004B8CCD /* View Controllers */ = {
			isa = PBXGroup;
			children = (
				E944399B182940AF0088A381 /* SenderViewController.h */,
				E944399C182940AF0088A381 /* SenderViewController.m */,
				E94439D51829511A0088A381 /* PlaybackViewController.h */,
				E94439D61829511A0088A381 /* PlaybackViewController.m */,
				E94439DE18297ED30088A381 /* OpenerViewController.h */,
				E94439DF18297ED30088A381 /* OpenerViewController.m */,
				E924AD26183AAD79009400DD /* Start Screen */,
				E924AD27183AB0A2009400DD /* Composer */,
				E924AD32183AB718009400DD /* Review */,
				E9C115571832987700DB67D2 /* CWFeedbackViewController.h */,
				E9C115581832987700DB67D2 /* CWFeedbackViewController.m */,
				E9C115591832987700DB67D2 /* CWFeedbackViewController.xib */,
				E924AD3B183AC0F3009400DD /* Opener */,
			);
			name = "View Controllers";
			sourceTree = "<group>";
		};
		E90F04E4182D2A5D004B8CCD /* Chatwala */ = {
			isa = PBXGroup;
			children = (
				E90F04D8182BEA71004B8CCD /* CWMessageItem.h */,
				E90F04D9182BEA71004B8CCD /* CWMessageItem.m */,
				E90F04DB182BF758004B8CCD /* CWMetadata.h */,
				E90F04DC182BF758004B8CCD /* CWMetadata.m */,
				E95E25E118314B8300E3950B /* CWVideoManager.h */,
				E95E25E218314B8300E3950B /* CWVideoManager.m */,
				E9C1154D1832804000DB67D2 /* Recorder */,
				E9C1154C1832803900DB67D2 /* Player */,
			);
			name = Chatwala;
			sourceTree = "<group>";
		};
		E90F04E5182D2A67004B8CCD /* User Interface */ = {
			isa = PBXGroup;
			children = (
			);
			name = "User Interface";
			sourceTree = "<group>";
		};
		E924AD26183AAD79009400DD /* Start Screen */ = {
			isa = PBXGroup;
			children = (
				E90F04E6182D7AD4004B8CCD /* CWStartScreenViewController.h */,
				E90F04E7182D7AD4004B8CCD /* CWStartScreenViewController.m */,
				E924AD20183AAD47009400DD /* CWPIPStartScreenViewController.h */,
				E924AD21183AAD47009400DD /* CWPIPStartScreenViewController.m */,
				E924AD1E183AAD1F009400DD /* CWSSStartScreenViewController.xib */,
				E924AD23183AAD69009400DD /* CWSSStartScreenViewController.h */,
				E924AD24183AAD69009400DD /* CWSSStartScreenViewController.m */,
				E924AD1C183AA902009400DD /* CWPIPStartScreenViewController.xib */,
			);
			name = "Start Screen";
			sourceTree = "<group>";
		};
		E924AD27183AB0A2009400DD /* Composer */ = {
			isa = PBXGroup;
			children = (
				E9C115511832970E00DB67D2 /* CWComposerViewController.h */,
				E9C115521832970E00DB67D2 /* CWComposerViewController.m */,
				E924AD2C183AB481009400DD /* CWPIPComposerViewController.h */,
				E924AD2D183AB481009400DD /* CWPIPComposerViewController.m */,
				E924AD28183AB0BC009400DD /* CWPIPComposerViewController.xib */,
				E924AD2F183AB491009400DD /* CWSSComposerViewController.h */,
				E924AD30183AB491009400DD /* CWSSComposerViewController.m */,
				E924AD2A183AB450009400DD /* CWSSComposerViewController.xib */,
			);
			name = Composer;
			sourceTree = "<group>";
		};
		E924AD32183AB718009400DD /* Review */ = {
			isa = PBXGroup;
			children = (
				E9C115671832D82700DB67D2 /* CWReviewViewController.h */,
				E9C115681832D82700DB67D2 /* CWReviewViewController.m */,
				E924AD35183AB7CA009400DD /* CWPIPReviewViewController.h */,
				E924AD36183AB7CA009400DD /* CWPIPReviewViewController.m */,
				E9C115691832D82700DB67D2 /* CWPIPReviewViewController.xib */,
				E924AD38183AB7D8009400DD /* CWSSReviewViewController.h */,
				E924AD39183AB7D8009400DD /* CWSSReviewViewController.m */,
				E924AD33183AB789009400DD /* CWSSReviewViewController.xib */,
			);
			name = Review;
			sourceTree = "<group>";
		};
		E924AD3B183AC0F3009400DD /* Opener */ = {
			isa = PBXGroup;
			children = (
				E965255F183535C1008987BD /* CWOpenerViewController.h */,
				E9652560183535C1008987BD /* CWOpenerViewController.m */,
				E924AD16183AA160009400DD /* CWPIPOpenerViewController.h */,
				E924AD17183AA160009400DD /* CWPIPOpenerViewController.m */,
				E9652561183535C1008987BD /* CWPIPOpenerViewController.xib */,
				E924AD19183AA16D009400DD /* CWSSOpenerViewController.h */,
				E924AD1A183AA16D009400DD /* CWSSOpenerViewController.m */,
				E924AD14183A9010009400DD /* CWSSOpenerViewController.xib */,
			);
			name = Opener;
			sourceTree = "<group>";
		};
		E944397A182940AF0088A381 = {
			isa = PBXGroup;
			children = (
				E944398C182940AF0088A381 /* Sender */,
				E94439AB182940AF0088A381 /* SenderTests */,
				E9443985182940AF0088A381 /* Frameworks */,
				E9443984182940AF0088A381 /* Products */,
				810134A78491415EBDC34438 /* Pods.xcconfig */,
				021C04FCE95441C395C53215 /* Pods-test.xcconfig */,
			);
			sourceTree = "<group>";
		};
		E9443984182940AF0088A381 /* Products */ = {
			isa = PBXGroup;
			children = (
				E9443983182940AF0088A381 /* Sender.app */,
				E94439A4182940AF0088A381 /* SenderTests.xctest */,
			);
			name = Products;
			sourceTree = "<group>";
		};
		E9443985182940AF0088A381 /* Frameworks */ = {
			isa = PBXGroup;
			children = (
				E94439D318294E990088A381 /* MessageUI.framework */,
				E94439CB182945000088A381 /* AssetsLibrary.framework */,
				E94439C7182944EC0088A381 /* CoreImage.framework */,
				E94439C8182944EC0088A381 /* ImageIO.framework */,
				E94439C5182944E60088A381 /* MediaPlayer.framework */,
				E94439C3182944D00088A381 /* QuartzCore.framework */,
				E94439BD182944C30088A381 /* CoreAudio.framework */,
				E94439BE182944C30088A381 /* CoreMedia.framework */,
				E94439BF182944C30088A381 /* CoreVideo.framework */,
				E94439BB1829436E0088A381 /* AVFoundation.framework */,
				E9443986182940AF0088A381 /* Foundation.framework */,
				E9443988182940AF0088A381 /* CoreGraphics.framework */,
				E944398A182940AF0088A381 /* UIKit.framework */,
				E94439A5182940AF0088A381 /* XCTest.framework */,
				BC8B4EC8D342465796C4A37E /* libPods.a */,
				DA5043C247C54257A2FCABFE /* libPods-test.a */,
			);
			name = Frameworks;
			sourceTree = "<group>";
		};
		E944398C182940AF0088A381 /* Sender */ = {
			isa = PBXGroup;
			children = (
				E9443995182940AF0088A381 /* AppDelegate.h */,
				E9443996182940AF0088A381 /* AppDelegate.m */,
				E9CE73E91831810900056FA9 /* video.mp4 */,
				E90F04E5182D2A67004B8CCD /* User Interface */,
				E90F04E3182D2A53004B8CCD /* View Controllers */,
				E90F04E4182D2A5D004B8CCD /* Chatwala */,
				E90F04D1182A9078004B8CCD /* AVCam */,
				E94439E1182983B70088A381 /* Video Player */,
				E944399E182940AF0088A381 /* Images.xcassets */,
				E944398D182940AF0088A381 /* Supporting Files */,
			);
			path = Sender;
			sourceTree = "<group>";
		};
		E944398D182940AF0088A381 /* Supporting Files */ = {
			isa = PBXGroup;
			children = (
				E944398E182940AF0088A381 /* Sender-Info.plist */,
				E944398F182940AF0088A381 /* InfoPlist.strings */,
				E9443992182940AF0088A381 /* main.m */,
				E9443994182940AF0088A381 /* Sender-Prefix.pch */,
			);
			name = "Supporting Files";
			sourceTree = "<group>";
		};
		E94439AB182940AF0088A381 /* SenderTests */ = {
			isa = PBXGroup;
			children = (
				E94439AC182940AF0088A381 /* Supporting Files */,
				E95E25DB1831425800E3950B /* CWMessageItemTests.m */,
				E95E25DF18314B7300E3950B /* CWVideoManagerTests.m */,
				E95E25E718314DC500E3950B /* CWVideoPlayerTests.m */,
				E9CE73EE1831878000056FA9 /* CWVideoPlayerViewTests.m */,
				E9C1154A1832803400DB67D2 /* CWVideoRecorderTests.m */,
				E9C1155C1832AFEE00DB67D2 /* CWComposerVCTests.m */,
				E965255D18341963008987BD /* CWReviewVCTests.m */,
				E96525641835367A008987BD /* CWOpenerVCTests.m */,
				E9CE73E418316AEC00056FA9 /* TestUtils.h */,
				E9CE73E518316AEC00056FA9 /* TestUtils.m */,
				E9C1155E1832B9AD00DB67D2 /* AVURLAsset+Spec.h */,
				E9C1155F1832B9AD00DB67D2 /* AVURLAsset+Spec.m */,
				E9C115611832CA0500DB67D2 /* AVPlayer+Spec.h */,
				E9C115621832CA0500DB67D2 /* AVPlayer+Spec.m */,
				E9C115641832CA1900DB67D2 /* AVPlayerItem+Spec.h */,
				E9C115651832CA1900DB67D2 /* AVPlayerItem+Spec.m */,
			);
			path = SenderTests;
			sourceTree = "<group>";
		};
		E94439AC182940AF0088A381 /* Supporting Files */ = {
			isa = PBXGroup;
			children = (
				E94439AD182940AF0088A381 /* SenderTests-Info.plist */,
				E94439AE182940AF0088A381 /* InfoPlist.strings */,
			);
			name = "Supporting Files";
			sourceTree = "<group>";
		};
		E94439E1182983B70088A381 /* Video Player */ = {
			isa = PBXGroup;
			children = (
				E94439DB18295B9C0088A381 /* VideoPlayerView.h */,
				E94439DC18295B9C0088A381 /* VideoPlayerView.m */,
				E94439D818295B0B0088A381 /* VideoPlayerViewController.h */,
				E94439D918295B0B0088A381 /* VideoPlayerViewController.m */,
			);
			name = "Video Player";
			sourceTree = "<group>";
		};
		E9C1154C1832803900DB67D2 /* Player */ = {
			isa = PBXGroup;
			children = (
				E95E25E918314DD200E3950B /* CWVideoPlayer.h */,
				E95E25EA18314DD200E3950B /* CWVideoPlayer.m */,
				E9CE73EB1831873A00056FA9 /* CWVideoPlayerView.h */,
				E9CE73EC1831873A00056FA9 /* CWVideoPlayerView.m */,
			);
			name = Player;
			sourceTree = "<group>";
		};
		E9C1154D1832804000DB67D2 /* Recorder */ = {
			isa = PBXGroup;
			children = (
				E9C1154E1832805300DB67D2 /* CWVideoRecorder.h */,
				E9C1154F1832805300DB67D2 /* CWVideoRecorder.m */,
			);
			name = Recorder;
			sourceTree = "<group>";
		};
/* End PBXGroup section */

/* Begin PBXNativeTarget section */
		E9443982182940AF0088A381 /* Sender */ = {
			isa = PBXNativeTarget;
			buildConfigurationList = E94439B5182940AF0088A381 /* Build configuration list for PBXNativeTarget "Sender" */;
			buildPhases = (
				274586BD323E48CFADE59026 /* Check Pods Manifest.lock */,
				E944397F182940AF0088A381 /* Sources */,
				E9443980182940AF0088A381 /* Frameworks */,
				E9443981182940AF0088A381 /* Resources */,
				EB36AC54C331484C8FEAE387 /* Copy Pods Resources */,
			);
			buildRules = (
			);
			dependencies = (
			);
			name = Sender;
			productName = Sender;
			productReference = E9443983182940AF0088A381 /* Sender.app */;
			productType = "com.apple.product-type.application";
		};
		E94439A3182940AF0088A381 /* SenderTests */ = {
			isa = PBXNativeTarget;
			buildConfigurationList = E94439B8182940AF0088A381 /* Build configuration list for PBXNativeTarget "SenderTests" */;
			buildPhases = (
				4B3DBD8706754EA0AB54D68F /* Check Pods Manifest.lock */,
				E94439A0182940AF0088A381 /* Sources */,
				E94439A1182940AF0088A381 /* Frameworks */,
				E94439A2182940AF0088A381 /* Resources */,
				ACD12F4D6724452DA27CBACC /* Copy Pods Resources */,
			);
			buildRules = (
			);
			dependencies = (
				E94439AA182940AF0088A381 /* PBXTargetDependency */,
			);
			name = SenderTests;
			productName = SenderTests;
			productReference = E94439A4182940AF0088A381 /* SenderTests.xctest */;
			productType = "com.apple.product-type.bundle.unit-test";
		};
/* End PBXNativeTarget section */

/* Begin PBXProject section */
		E944397B182940AF0088A381 /* Project object */ = {
			isa = PBXProject;
			attributes = {
				CLASSPREFIX = CW;
				LastUpgradeCheck = 0500;
				ORGANIZATIONNAME = pho;
				TargetAttributes = {
					E9443982182940AF0088A381 = {
						DevelopmentTeam = N24W28B485;
					};
					E94439A3182940AF0088A381 = {
						TestTargetID = E9443982182940AF0088A381;
					};
				};
			};
			buildConfigurationList = E944397E182940AF0088A381 /* Build configuration list for PBXProject "Sender" */;
			compatibilityVersion = "Xcode 3.2";
			developmentRegion = English;
			hasScannedForEncodings = 0;
			knownRegions = (
				en,
				Base,
			);
			mainGroup = E944397A182940AF0088A381;
			productRefGroup = E9443984182940AF0088A381 /* Products */;
			projectDirPath = "";
			projectRoot = "";
			targets = (
				E9443982182940AF0088A381 /* Sender */,
				E94439A3182940AF0088A381 /* SenderTests */,
			);
		};
/* End PBXProject section */

/* Begin PBXResourcesBuildPhase section */
		E9443981182940AF0088A381 /* Resources */ = {
			isa = PBXResourcesBuildPhase;
			buildActionMask = 2147483647;
			files = (
				E9C1156B1832D82700DB67D2 /* CWPIPReviewViewController.xib in Resources */,
				E924AD1D183AA902009400DD /* CWPIPStartScreenViewController.xib in Resources */,
				E924AD34183AB789009400DD /* CWSSReviewViewController.xib in Resources */,
				E924AD29183AB0BC009400DD /* CWPIPComposerViewController.xib in Resources */,
				E944399F182940AF0088A381 /* Images.xcassets in Resources */,
				E924AD1F183AAD1F009400DD /* CWSSStartScreenViewController.xib in Resources */,
				E9C1155B1832987700DB67D2 /* CWFeedbackViewController.xib in Resources */,
				E9CE73EA1831810900056FA9 /* video.mp4 in Resources */,
				E9443991182940AF0088A381 /* InfoPlist.strings in Resources */,
				E9652563183535C1008987BD /* CWPIPOpenerViewController.xib in Resources */,
				E924AD2B183AB450009400DD /* CWSSComposerViewController.xib in Resources */,
				E924AD15183A9010009400DD /* CWSSOpenerViewController.xib in Resources */,
			);
			runOnlyForDeploymentPostprocessing = 0;
		};
		E94439A2182940AF0088A381 /* Resources */ = {
			isa = PBXResourcesBuildPhase;
			buildActionMask = 2147483647;
			files = (
				E94439B0182940AF0088A381 /* InfoPlist.strings in Resources */,
			);
			runOnlyForDeploymentPostprocessing = 0;
		};
/* End PBXResourcesBuildPhase section */

/* Begin PBXShellScriptBuildPhase section */
		274586BD323E48CFADE59026 /* Check Pods Manifest.lock */ = {
			isa = PBXShellScriptBuildPhase;
			buildActionMask = 2147483647;
			files = (
			);
			inputPaths = (
			);
			name = "Check Pods Manifest.lock";
			outputPaths = (
			);
			runOnlyForDeploymentPostprocessing = 0;
			shellPath = /bin/sh;
			shellScript = "diff \"${PODS_ROOT}/../Podfile.lock\" \"${PODS_ROOT}/Manifest.lock\" > /dev/null\nif [[ $? != 0 ]] ; then\n    cat << EOM\nerror: The sandbox is not in sync with the Podfile.lock. Run 'pod install' or update your CocoaPods installation.\nEOM\n    exit 1\nfi\n";
			showEnvVarsInLog = 0;
		};
		4B3DBD8706754EA0AB54D68F /* Check Pods Manifest.lock */ = {
			isa = PBXShellScriptBuildPhase;
			buildActionMask = 2147483647;
			files = (
			);
			inputPaths = (
			);
			name = "Check Pods Manifest.lock";
			outputPaths = (
			);
			runOnlyForDeploymentPostprocessing = 0;
			shellPath = /bin/sh;
			shellScript = "diff \"${PODS_ROOT}/../Podfile.lock\" \"${PODS_ROOT}/Manifest.lock\" > /dev/null\nif [[ $? != 0 ]] ; then\n    cat << EOM\nerror: The sandbox is not in sync with the Podfile.lock. Run 'pod install' or update your CocoaPods installation.\nEOM\n    exit 1\nfi\n";
			showEnvVarsInLog = 0;
		};
		ACD12F4D6724452DA27CBACC /* Copy Pods Resources */ = {
			isa = PBXShellScriptBuildPhase;
			buildActionMask = 2147483647;
			files = (
			);
			inputPaths = (
			);
			name = "Copy Pods Resources";
			outputPaths = (
			);
			runOnlyForDeploymentPostprocessing = 0;
			shellPath = /bin/sh;
			shellScript = "\"${SRCROOT}/Pods/Pods-test-resources.sh\"\n";
			showEnvVarsInLog = 0;
		};
		EB36AC54C331484C8FEAE387 /* Copy Pods Resources */ = {
			isa = PBXShellScriptBuildPhase;
			buildActionMask = 2147483647;
			files = (
			);
			inputPaths = (
			);
			name = "Copy Pods Resources";
			outputPaths = (
			);
			runOnlyForDeploymentPostprocessing = 0;
			shellPath = /bin/sh;
			shellScript = "\"${SRCROOT}/Pods/Pods-resources.sh\"\n";
			showEnvVarsInLog = 0;
		};
/* End PBXShellScriptBuildPhase section */

/* Begin PBXSourcesBuildPhase section */
		E944397F182940AF0088A381 /* Sources */ = {
			isa = PBXSourcesBuildPhase;
			buildActionMask = 2147483647;
			files = (
				E90F04DA182BEA71004B8CCD /* CWMessageItem.m in Sources */,
				E90F04D7182AA430004B8CCD /* VideoLibrary.m in Sources */,
				E924AD31183AB491009400DD /* CWSSComposerViewController.m in Sources */,
				E9C1156A1832D82700DB67D2 /* CWReviewViewController.m in Sources */,
				E94439DA18295B0B0088A381 /* VideoPlayerViewController.m in Sources */,
				E90F04E8182D7AD4004B8CCD /* CWStartScreenViewController.m in Sources */,
				E944399D182940AF0088A381 /* SenderViewController.m in Sources */,
				E9C115501832805300DB67D2 /* CWVideoRecorder.m in Sources */,
				E90F04DD182BF758004B8CCD /* CWMetadata.m in Sources */,
				E9C1155A1832987700DB67D2 /* CWFeedbackViewController.m in Sources */,
				E924AD18183AA160009400DD /* CWPIPOpenerViewController.m in Sources */,
				E9C115531832970E00DB67D2 /* CWComposerViewController.m in Sources */,
				E924AD25183AAD69009400DD /* CWSSStartScreenViewController.m in Sources */,
				E95E25E318314B8300E3950B /* CWVideoManager.m in Sources */,
				E9443997182940AF0088A381 /* AppDelegate.m in Sources */,
				E924AD37183AB7CA009400DD /* CWPIPReviewViewController.m in Sources */,
				E9CE73ED1831873A00056FA9 /* CWVideoPlayerView.m in Sources */,
				E9652562183535C1008987BD /* CWOpenerViewController.m in Sources */,
				E95E25EB18314DD200E3950B /* CWVideoPlayer.m in Sources */,
				E94439DD18295B9C0088A381 /* VideoPlayerView.m in Sources */,
				E924AD2E183AB481009400DD /* CWPIPComposerViewController.m in Sources */,
				E94439E018297ED30088A381 /* OpenerViewController.m in Sources */,
				E9443993182940AF0088A381 /* main.m in Sources */,
				E94439D1182946460088A381 /* AVCamCaptureManager.m in Sources */,
				E94439D2182946460088A381 /* AVCamRecorder.m in Sources */,
				E924AD22183AAD47009400DD /* CWPIPStartScreenViewController.m in Sources */,
				E924AD3A183AB7D8009400DD /* CWSSReviewViewController.m in Sources */,
				E924AD1B183AA16D009400DD /* CWSSOpenerViewController.m in Sources */,
				E94439D71829511A0088A381 /* PlaybackViewController.m in Sources */,
				E90F04D4182AA41A004B8CCD /* AssetItem.m in Sources */,
			);
			runOnlyForDeploymentPostprocessing = 0;
		};
		E94439A0182940AF0088A381 /* Sources */ = {
			isa = PBXSourcesBuildPhase;
			buildActionMask = 2147483647;
			files = (
				E95E25E818314DC500E3950B /* CWVideoPlayerTests.m in Sources */,
				E9C1155D1832AFEE00DB67D2 /* CWComposerVCTests.m in Sources */,
				E965255E18341963008987BD /* CWReviewVCTests.m in Sources */,
				E95E25DC1831425800E3950B /* CWMessageItemTests.m in Sources */,
				E9C115661832CA1900DB67D2 /* AVPlayerItem+Spec.m in Sources */,
				E9CE73EF1831878000056FA9 /* CWVideoPlayerViewTests.m in Sources */,
				E9C115601832B9AD00DB67D2 /* AVURLAsset+Spec.m in Sources */,
				E95E25E018314B7300E3950B /* CWVideoManagerTests.m in Sources */,
				E9CE73E618316AEC00056FA9 /* TestUtils.m in Sources */,
				E9C115631832CA0500DB67D2 /* AVPlayer+Spec.m in Sources */,
				E9C1154B1832803400DB67D2 /* CWVideoRecorderTests.m in Sources */,
				E96525651835367A008987BD /* CWOpenerVCTests.m in Sources */,
			);
			runOnlyForDeploymentPostprocessing = 0;
		};
/* End PBXSourcesBuildPhase section */

/* Begin PBXTargetDependency section */
		E94439AA182940AF0088A381 /* PBXTargetDependency */ = {
			isa = PBXTargetDependency;
			target = E9443982182940AF0088A381 /* Sender */;
			targetProxy = E94439A9182940AF0088A381 /* PBXContainerItemProxy */;
		};
/* End PBXTargetDependency section */

/* Begin PBXVariantGroup section */
		E944398F182940AF0088A381 /* InfoPlist.strings */ = {
			isa = PBXVariantGroup;
			children = (
				E9443990182940AF0088A381 /* en */,
			);
			name = InfoPlist.strings;
			sourceTree = "<group>";
		};
		E94439AE182940AF0088A381 /* InfoPlist.strings */ = {
			isa = PBXVariantGroup;
			children = (
				E94439AF182940AF0088A381 /* en */,
			);
			name = InfoPlist.strings;
			sourceTree = "<group>";
		};
/* End PBXVariantGroup section */

/* Begin XCBuildConfiguration section */
		E94439B3182940AF0088A381 /* Debug */ = {
			isa = XCBuildConfiguration;
			buildSettings = {
				ALWAYS_SEARCH_USER_PATHS = NO;
				ARCHS = "$(ARCHS_STANDARD_INCLUDING_64_BIT)";
				CLANG_CXX_LANGUAGE_STANDARD = "gnu++0x";
				CLANG_CXX_LIBRARY = "libc++";
				CLANG_ENABLE_MODULES = YES;
				CLANG_ENABLE_OBJC_ARC = YES;
				CLANG_WARN_BOOL_CONVERSION = YES;
				CLANG_WARN_CONSTANT_CONVERSION = YES;
				CLANG_WARN_DIRECT_OBJC_ISA_USAGE = YES_ERROR;
				CLANG_WARN_EMPTY_BODY = YES;
				CLANG_WARN_ENUM_CONVERSION = YES;
				CLANG_WARN_INT_CONVERSION = YES;
				CLANG_WARN_OBJC_ROOT_CLASS = YES_ERROR;
				CLANG_WARN__DUPLICATE_METHOD_MATCH = YES;
				"CODE_SIGN_IDENTITY[sdk=iphoneos*]" = "iPhone Developer";
				COPY_PHASE_STRIP = NO;
				CURRENT_PROJECT_VERSION = 1;
				GCC_C_LANGUAGE_STANDARD = gnu99;
				GCC_DYNAMIC_NO_PIC = NO;
				GCC_OPTIMIZATION_LEVEL = 0;
				GCC_PREPROCESSOR_DEFINITIONS = (
					"DEBUG=1",
					"$(inherited)",
				);
				GCC_SYMBOLS_PRIVATE_EXTERN = NO;
				GCC_WARN_64_TO_32_BIT_CONVERSION = YES;
				GCC_WARN_ABOUT_RETURN_TYPE = YES_ERROR;
				GCC_WARN_UNDECLARED_SELECTOR = YES;
				GCC_WARN_UNINITIALIZED_AUTOS = YES;
				GCC_WARN_UNUSED_FUNCTION = YES;
				GCC_WARN_UNUSED_VARIABLE = YES;
				IPHONEOS_DEPLOYMENT_TARGET = 7.0;
				ONLY_ACTIVE_ARCH = YES;
				SDKROOT = iphoneos;
			};
			name = Debug;
		};
		E94439B4182940AF0088A381 /* Release */ = {
			isa = XCBuildConfiguration;
			buildSettings = {
				ALWAYS_SEARCH_USER_PATHS = NO;
				ARCHS = "$(ARCHS_STANDARD_INCLUDING_64_BIT)";
				CLANG_CXX_LANGUAGE_STANDARD = "gnu++0x";
				CLANG_CXX_LIBRARY = "libc++";
				CLANG_ENABLE_MODULES = YES;
				CLANG_ENABLE_OBJC_ARC = YES;
				CLANG_WARN_BOOL_CONVERSION = YES;
				CLANG_WARN_CONSTANT_CONVERSION = YES;
				CLANG_WARN_DIRECT_OBJC_ISA_USAGE = YES_ERROR;
				CLANG_WARN_EMPTY_BODY = YES;
				CLANG_WARN_ENUM_CONVERSION = YES;
				CLANG_WARN_INT_CONVERSION = YES;
				CLANG_WARN_OBJC_ROOT_CLASS = YES_ERROR;
				CLANG_WARN__DUPLICATE_METHOD_MATCH = YES;
				"CODE_SIGN_IDENTITY[sdk=iphoneos*]" = "iPhone Developer";
				COPY_PHASE_STRIP = YES;
				CURRENT_PROJECT_VERSION = 1;
				ENABLE_NS_ASSERTIONS = NO;
				GCC_C_LANGUAGE_STANDARD = gnu99;
				GCC_WARN_64_TO_32_BIT_CONVERSION = YES;
				GCC_WARN_ABOUT_RETURN_TYPE = YES_ERROR;
				GCC_WARN_UNDECLARED_SELECTOR = YES;
				GCC_WARN_UNINITIALIZED_AUTOS = YES;
				GCC_WARN_UNUSED_FUNCTION = YES;
				GCC_WARN_UNUSED_VARIABLE = YES;
				IPHONEOS_DEPLOYMENT_TARGET = 7.0;
				SDKROOT = iphoneos;
				VALIDATE_PRODUCT = YES;
			};
			name = Release;
		};
		E94439B6182940AF0088A381 /* Debug */ = {
			isa = XCBuildConfiguration;
			baseConfigurationReference = 810134A78491415EBDC34438 /* Pods.xcconfig */;
			buildSettings = {
				ASSETCATALOG_COMPILER_APPICON_NAME = AppIcon;
				ASSETCATALOG_COMPILER_LAUNCHIMAGE_NAME = LaunchImage;
				CODE_SIGN_IDENTITY = "iPhone Developer";
				"CODE_SIGN_IDENTITY[sdk=iphoneos*]" = "iPhone Developer";
				GCC_PRECOMPILE_PREFIX_HEADER = YES;
				GCC_PREFIX_HEADER = "Sender/Sender-Prefix.pch";
				INFOPLIST_FILE = "Sender/Sender-Info.plist";
				PRODUCT_NAME = "$(TARGET_NAME)";
				PROVISIONING_PROFILE = "";
				WRAPPER_EXTENSION = app;
			};
			name = Debug;
		};
		E94439B7182940AF0088A381 /* Release */ = {
			isa = XCBuildConfiguration;
			baseConfigurationReference = 810134A78491415EBDC34438 /* Pods.xcconfig */;
			buildSettings = {
				ASSETCATALOG_COMPILER_APPICON_NAME = AppIcon;
				ASSETCATALOG_COMPILER_LAUNCHIMAGE_NAME = LaunchImage;
				CODE_SIGN_IDENTITY = "iPhone Developer";
				"CODE_SIGN_IDENTITY[sdk=iphoneos*]" = "iPhone Developer";
				GCC_PRECOMPILE_PREFIX_HEADER = YES;
				GCC_PREFIX_HEADER = "Sender/Sender-Prefix.pch";
				INFOPLIST_FILE = "Sender/Sender-Info.plist";
				PRODUCT_NAME = "$(TARGET_NAME)";
				PROVISIONING_PROFILE = "";
				WRAPPER_EXTENSION = app;
			};
			name = Release;
		};
		E94439B9182940AF0088A381 /* Debug */ = {
			isa = XCBuildConfiguration;
			baseConfigurationReference = 021C04FCE95441C395C53215 /* Pods-test.xcconfig */;
			buildSettings = {
				ARCHS = "$(ARCHS_STANDARD_INCLUDING_64_BIT)";
				BUNDLE_LOADER = "$(BUILT_PRODUCTS_DIR)/Sender.app/Sender";
				FRAMEWORK_SEARCH_PATHS = (
					"$(SDKROOT)/Developer/Library/Frameworks",
					"$(inherited)",
					"$(DEVELOPER_FRAMEWORKS_DIR)",
				);
				GCC_PRECOMPILE_PREFIX_HEADER = YES;
				GCC_PREFIX_HEADER = "Sender/Sender-Prefix.pch";
				GCC_PREPROCESSOR_DEFINITIONS = (
					"DEBUG=1",
					"$(inherited)",
				);
				INFOPLIST_FILE = "SenderTests/SenderTests-Info.plist";
				PRODUCT_NAME = "$(TARGET_NAME)";
				TEST_HOST = "$(BUNDLE_LOADER)";
				WRAPPER_EXTENSION = xctest;
			};
			name = Debug;
		};
		E94439BA182940AF0088A381 /* Release */ = {
			isa = XCBuildConfiguration;
			baseConfigurationReference = 021C04FCE95441C395C53215 /* Pods-test.xcconfig */;
			buildSettings = {
				ARCHS = "$(ARCHS_STANDARD_INCLUDING_64_BIT)";
				BUNDLE_LOADER = "$(BUILT_PRODUCTS_DIR)/Sender.app/Sender";
				FRAMEWORK_SEARCH_PATHS = (
					"$(SDKROOT)/Developer/Library/Frameworks",
					"$(inherited)",
					"$(DEVELOPER_FRAMEWORKS_DIR)",
				);
				GCC_PRECOMPILE_PREFIX_HEADER = YES;
				GCC_PREFIX_HEADER = "Sender/Sender-Prefix.pch";
				INFOPLIST_FILE = "SenderTests/SenderTests-Info.plist";
				PRODUCT_NAME = "$(TARGET_NAME)";
				TEST_HOST = "$(BUNDLE_LOADER)";
				WRAPPER_EXTENSION = xctest;
			};
			name = Release;
		};
/* End XCBuildConfiguration section */

/* Begin XCConfigurationList section */
		E944397E182940AF0088A381 /* Build configuration list for PBXProject "Sender" */ = {
			isa = XCConfigurationList;
			buildConfigurations = (
				E94439B3182940AF0088A381 /* Debug */,
				E94439B4182940AF0088A381 /* Release */,
			);
			defaultConfigurationIsVisible = 0;
			defaultConfigurationName = Release;
		};
		E94439B5182940AF0088A381 /* Build configuration list for PBXNativeTarget "Sender" */ = {
			isa = XCConfigurationList;
			buildConfigurations = (
				E94439B6182940AF0088A381 /* Debug */,
				E94439B7182940AF0088A381 /* Release */,
			);
			defaultConfigurationIsVisible = 0;
			defaultConfigurationName = Release;
		};
		E94439B8182940AF0088A381 /* Build configuration list for PBXNativeTarget "SenderTests" */ = {
			isa = XCConfigurationList;
			buildConfigurations = (
				E94439B9182940AF0088A381 /* Debug */,
				E94439BA182940AF0088A381 /* Release */,
			);
			defaultConfigurationIsVisible = 0;
			defaultConfigurationName = Release;
		};
/* End XCConfigurationList section */
	};
	rootObject = E944397B182940AF0088A381 /* Project object */;
}
